// !$*UTF8*$!
{
	archiveVersion = 1;
	classes = {
	};
	objectVersion = 51;
	objects = {

/* Begin PBXBuildFile section */
		75C77742245B3C80EC95BC2C /* Pods_MovieChat.framework in Frameworks */ = {isa = PBXBuildFile; fileRef = 9556B704C5D0E15F0752497F /* Pods_MovieChat.framework */; };
		9BAB845D23783BAD00CFA657 /* AppDelegate.swift in Sources */ = {isa = PBXBuildFile; fileRef = 9BAB845C23783BAD00CFA657 /* AppDelegate.swift */; };
		9BAB846223783BAD00CFA657 /* Main.storyboard in Resources */ = {isa = PBXBuildFile; fileRef = 9BAB846023783BAD00CFA657 /* Main.storyboard */; };
		9BAB846423783BAD00CFA657 /* Assets.xcassets in Resources */ = {isa = PBXBuildFile; fileRef = 9BAB846323783BAD00CFA657 /* Assets.xcassets */; };
		9BAB846723783BAD00CFA657 /* LaunchScreen.storyboard in Resources */ = {isa = PBXBuildFile; fileRef = 9BAB846523783BAD00CFA657 /* LaunchScreen.storyboard */; };
		9BAB8470237844D100CFA657 /* ServicesManager.swift in Sources */ = {isa = PBXBuildFile; fileRef = 9BAB846F237844D100CFA657 /* ServicesManager.swift */; };
		9BAB84752378465D00CFA657 /* Movie.swift in Sources */ = {isa = PBXBuildFile; fileRef = 9BAB84742378465D00CFA657 /* Movie.swift */; };
		9BAB849723784E7B00CFA657 /* MovieTests.swift in Sources */ = {isa = PBXBuildFile; fileRef = 9BAB849623784E7B00CFA657 /* MovieTests.swift */; };
		9BAB849A23784F2200CFA657 /* ServicesManagerTests.swift in Sources */ = {isa = PBXBuildFile; fileRef = 9BAB849923784F2200CFA657 /* ServicesManagerTests.swift */; };
		9BAB849F2378645500CFA657 /* WelcomeVC.swift in Sources */ = {isa = PBXBuildFile; fileRef = 9BAB849E2378645500CFA657 /* WelcomeVC.swift */; };
		9BAB84A12378675100CFA657 /* WelcomePresenter.swift in Sources */ = {isa = PBXBuildFile; fileRef = 9BAB84A02378675100CFA657 /* WelcomePresenter.swift */; };
		9BAB84A42378694600CFA657 /* MovieListPresenter.swift in Sources */ = {isa = PBXBuildFile; fileRef = 9BAB84A22378694600CFA657 /* MovieListPresenter.swift */; };
		9BAB84A52378694600CFA657 /* MovieListVC.swift in Sources */ = {isa = PBXBuildFile; fileRef = 9BAB84A32378694600CFA657 /* MovieListVC.swift */; };
		9BAB84A72378695300CFA657 /* MovieCell.swift in Sources */ = {isa = PBXBuildFile; fileRef = 9BAB84A62378695300CFA657 /* MovieCell.swift */; };
		9BAB84AA23787CD900CFA657 /* WelcomePresenterTests.swift in Sources */ = {isa = PBXBuildFile; fileRef = 9BAB84A923787CD900CFA657 /* WelcomePresenterTests.swift */; };
		9BAB84AD23787DF000CFA657 /* WelcomeVCTests.swift in Sources */ = {isa = PBXBuildFile; fileRef = 9BAB84AC23787DF000CFA657 /* WelcomeVCTests.swift */; };
		9BAB84B0237882E200CFA657 /* MovieListPresenterTests.swift in Sources */ = {isa = PBXBuildFile; fileRef = 9BAB84AF237882E200CFA657 /* MovieListPresenterTests.swift */; };
		9BAB84B22378867E00CFA657 /* MovieListVCTests.swift in Sources */ = {isa = PBXBuildFile; fileRef = 9BAB84B12378867E00CFA657 /* MovieListVCTests.swift */; };
		9BAB84B42378964500CFA657 /* GoogleService-Info.plist in Resources */ = {isa = PBXBuildFile; fileRef = 9BAB84B32378964500CFA657 /* GoogleService-Info.plist */; };
		9BAB84B6237897B600CFA657 /* DatabaseManager.swift in Sources */ = {isa = PBXBuildFile; fileRef = 9BAB84B5237897B600CFA657 /* DatabaseManager.swift */; };
		9BAB84B82378986300CFA657 /* Comment.swift in Sources */ = {isa = PBXBuildFile; fileRef = 9BAB84B72378986300CFA657 /* Comment.swift */; };
		9BAB84BB23789A3700CFA657 /* MovieChatVC.swift in Sources */ = {isa = PBXBuildFile; fileRef = 9BAB84BA23789A3700CFA657 /* MovieChatVC.swift */; };
		9BAB84BD23789A4F00CFA657 /* MovieChatPresenter.swift in Sources */ = {isa = PBXBuildFile; fileRef = 9BAB84BC23789A4F00CFA657 /* MovieChatPresenter.swift */; };
		9BAB84C023789D1A00CFA657 /* CommentCell.swift in Sources */ = {isa = PBXBuildFile; fileRef = 9BAB84BF23789D1A00CFA657 /* CommentCell.swift */; };
		9BAB84C22378B4E600CFA657 /* User.swift in Sources */ = {isa = PBXBuildFile; fileRef = 9BAB84C12378B4E600CFA657 /* User.swift */; };
		9BAB84C92378ED5C00CFA657 /* DatabaseManagerTests.swift in Sources */ = {isa = PBXBuildFile; fileRef = 9BAB84C82378ED5C00CFA657 /* DatabaseManagerTests.swift */; };
		9BAB84CB2378FA3700CFA657 /* CommentTests.swift in Sources */ = {isa = PBXBuildFile; fileRef = 9BAB84CA2378FA3700CFA657 /* CommentTests.swift */; };
		9BAB84CE2378FDF000CFA657 /* MovieChatPresenterTests.swift in Sources */ = {isa = PBXBuildFile; fileRef = 9BAB84CD2378FDF000CFA657 /* MovieChatPresenterTests.swift */; };
		9BAB84D02378FE7E00CFA657 /* MovieChatVCTests.swift in Sources */ = {isa = PBXBuildFile; fileRef = 9BAB84CF2378FE7E00CFA657 /* MovieChatVCTests.swift */; };
		9BAB84D3237907FA00CFA657 /* UIImage+Color.swift in Sources */ = {isa = PBXBuildFile; fileRef = 9BAB84D2237907FA00CFA657 /* UIImage+Color.swift */; };
		E18151AD64374B87EDAD953F /* Pods_MovieChatTests.framework in Frameworks */ = {isa = PBXBuildFile; fileRef = 6DE4AA8F9F84D9C85119D977 /* Pods_MovieChatTests.framework */; };
/* End PBXBuildFile section */

/* Begin PBXContainerItemProxy section */
		9BAB848F23784DFC00CFA657 /* PBXContainerItemProxy */ = {
			isa = PBXContainerItemProxy;
			containerPortal = 9BAB845123783BAD00CFA657 /* Project object */;
			proxyType = 1;
			remoteGlobalIDString = 9BAB845823783BAD00CFA657;
			remoteInfo = MovieChat;
		};
/* End PBXContainerItemProxy section */

/* Begin PBXFileReference section */
		3CAD7D4C09742153B1AE0559 /* Pods-MovieChat.debug.xcconfig */ = {isa = PBXFileReference; includeInIndex = 1; lastKnownFileType = text.xcconfig; name = "Pods-MovieChat.debug.xcconfig"; path = "Target Support Files/Pods-MovieChat/Pods-MovieChat.debug.xcconfig"; sourceTree = "<group>"; };
		6DE4AA8F9F84D9C85119D977 /* Pods_MovieChatTests.framework */ = {isa = PBXFileReference; explicitFileType = wrapper.framework; includeInIndex = 0; path = Pods_MovieChatTests.framework; sourceTree = BUILT_PRODUCTS_DIR; };
		7675AE8DD495452A6CADA277 /* Pods-MovieChat.release.xcconfig */ = {isa = PBXFileReference; includeInIndex = 1; lastKnownFileType = text.xcconfig; name = "Pods-MovieChat.release.xcconfig"; path = "Target Support Files/Pods-MovieChat/Pods-MovieChat.release.xcconfig"; sourceTree = "<group>"; };
		7D0BEA3F2716BB19119A2D4A /* Pods-MovieChatTests.release.xcconfig */ = {isa = PBXFileReference; includeInIndex = 1; lastKnownFileType = text.xcconfig; name = "Pods-MovieChatTests.release.xcconfig"; path = "Target Support Files/Pods-MovieChatTests/Pods-MovieChatTests.release.xcconfig"; sourceTree = "<group>"; };
		9556B704C5D0E15F0752497F /* Pods_MovieChat.framework */ = {isa = PBXFileReference; explicitFileType = wrapper.framework; includeInIndex = 0; path = Pods_MovieChat.framework; sourceTree = BUILT_PRODUCTS_DIR; };
		9BAB845923783BAD00CFA657 /* MovieChat.app */ = {isa = PBXFileReference; explicitFileType = wrapper.application; includeInIndex = 0; path = MovieChat.app; sourceTree = BUILT_PRODUCTS_DIR; };
		9BAB845C23783BAD00CFA657 /* AppDelegate.swift */ = {isa = PBXFileReference; lastKnownFileType = sourcecode.swift; path = AppDelegate.swift; sourceTree = "<group>"; };
		9BAB846123783BAD00CFA657 /* Base */ = {isa = PBXFileReference; lastKnownFileType = file.storyboard; name = Base; path = Base.lproj/Main.storyboard; sourceTree = "<group>"; };
		9BAB846323783BAD00CFA657 /* Assets.xcassets */ = {isa = PBXFileReference; lastKnownFileType = folder.assetcatalog; path = Assets.xcassets; sourceTree = "<group>"; };
		9BAB846623783BAD00CFA657 /* Base */ = {isa = PBXFileReference; lastKnownFileType = file.storyboard; name = Base; path = Base.lproj/LaunchScreen.storyboard; sourceTree = "<group>"; };
		9BAB846823783BAD00CFA657 /* Info.plist */ = {isa = PBXFileReference; lastKnownFileType = text.plist.xml; path = Info.plist; sourceTree = "<group>"; };
		9BAB846F237844D100CFA657 /* ServicesManager.swift */ = {isa = PBXFileReference; lastKnownFileType = sourcecode.swift; path = ServicesManager.swift; sourceTree = "<group>"; };
		9BAB84742378465D00CFA657 /* Movie.swift */ = {isa = PBXFileReference; lastKnownFileType = sourcecode.swift; path = Movie.swift; sourceTree = "<group>"; };
		9BAB847F23784B5B00CFA657 /* Alamofire.framework */ = {isa = PBXFileReference; explicitFileType = wrapper.framework; path = Alamofire.framework; sourceTree = BUILT_PRODUCTS_DIR; };
		9BAB848A23784DFC00CFA657 /* MovieChatTests.xctest */ = {isa = PBXFileReference; explicitFileType = wrapper.cfbundle; includeInIndex = 0; path = MovieChatTests.xctest; sourceTree = BUILT_PRODUCTS_DIR; };
		9BAB848E23784DFC00CFA657 /* Info.plist */ = {isa = PBXFileReference; lastKnownFileType = text.plist.xml; path = Info.plist; sourceTree = "<group>"; };
		9BAB849623784E7B00CFA657 /* MovieTests.swift */ = {isa = PBXFileReference; lastKnownFileType = sourcecode.swift; path = MovieTests.swift; sourceTree = "<group>"; };
		9BAB849923784F2200CFA657 /* ServicesManagerTests.swift */ = {isa = PBXFileReference; lastKnownFileType = sourcecode.swift; path = ServicesManagerTests.swift; sourceTree = "<group>"; };
		9BAB849E2378645500CFA657 /* WelcomeVC.swift */ = {isa = PBXFileReference; lastKnownFileType = sourcecode.swift; path = WelcomeVC.swift; sourceTree = "<group>"; };
		9BAB84A02378675100CFA657 /* WelcomePresenter.swift */ = {isa = PBXFileReference; lastKnownFileType = sourcecode.swift; path = WelcomePresenter.swift; sourceTree = "<group>"; };
		9BAB84A22378694600CFA657 /* MovieListPresenter.swift */ = {isa = PBXFileReference; fileEncoding = 4; lastKnownFileType = sourcecode.swift; path = MovieListPresenter.swift; sourceTree = "<group>"; };
		9BAB84A32378694600CFA657 /* MovieListVC.swift */ = {isa = PBXFileReference; fileEncoding = 4; lastKnownFileType = sourcecode.swift; path = MovieListVC.swift; sourceTree = "<group>"; };
		9BAB84A62378695300CFA657 /* MovieCell.swift */ = {isa = PBXFileReference; fileEncoding = 4; lastKnownFileType = sourcecode.swift; path = MovieCell.swift; sourceTree = "<group>"; };
		9BAB84A923787CD900CFA657 /* WelcomePresenterTests.swift */ = {isa = PBXFileReference; lastKnownFileType = sourcecode.swift; path = WelcomePresenterTests.swift; sourceTree = "<group>"; };
		9BAB84AC23787DF000CFA657 /* WelcomeVCTests.swift */ = {isa = PBXFileReference; lastKnownFileType = sourcecode.swift; path = WelcomeVCTests.swift; sourceTree = "<group>"; };
		9BAB84AF237882E200CFA657 /* MovieListPresenterTests.swift */ = {isa = PBXFileReference; lastKnownFileType = sourcecode.swift; path = MovieListPresenterTests.swift; sourceTree = "<group>"; };
		9BAB84B12378867E00CFA657 /* MovieListVCTests.swift */ = {isa = PBXFileReference; lastKnownFileType = sourcecode.swift; path = MovieListVCTests.swift; sourceTree = "<group>"; };
		9BAB84B32378964500CFA657 /* GoogleService-Info.plist */ = {isa = PBXFileReference; fileEncoding = 4; lastKnownFileType = text.plist.xml; path = "GoogleService-Info.plist"; sourceTree = "<group>"; };
		9BAB84B5237897B600CFA657 /* DatabaseManager.swift */ = {isa = PBXFileReference; lastKnownFileType = sourcecode.swift; path = DatabaseManager.swift; sourceTree = "<group>"; };
		9BAB84B72378986300CFA657 /* Comment.swift */ = {isa = PBXFileReference; lastKnownFileType = sourcecode.swift; path = Comment.swift; sourceTree = "<group>"; };
		9BAB84BA23789A3700CFA657 /* MovieChatVC.swift */ = {isa = PBXFileReference; lastKnownFileType = sourcecode.swift; path = MovieChatVC.swift; sourceTree = "<group>"; };
		9BAB84BC23789A4F00CFA657 /* MovieChatPresenter.swift */ = {isa = PBXFileReference; lastKnownFileType = sourcecode.swift; path = MovieChatPresenter.swift; sourceTree = "<group>"; };
		9BAB84BF23789D1A00CFA657 /* CommentCell.swift */ = {isa = PBXFileReference; lastKnownFileType = sourcecode.swift; path = CommentCell.swift; sourceTree = "<group>"; };
		9BAB84C12378B4E600CFA657 /* User.swift */ = {isa = PBXFileReference; lastKnownFileType = sourcecode.swift; path = User.swift; sourceTree = "<group>"; };
		9BAB84C82378ED5C00CFA657 /* DatabaseManagerTests.swift */ = {isa = PBXFileReference; lastKnownFileType = sourcecode.swift; path = DatabaseManagerTests.swift; sourceTree = "<group>"; };
		9BAB84CA2378FA3700CFA657 /* CommentTests.swift */ = {isa = PBXFileReference; lastKnownFileType = sourcecode.swift; path = CommentTests.swift; sourceTree = "<group>"; };
		9BAB84CD2378FDF000CFA657 /* MovieChatPresenterTests.swift */ = {isa = PBXFileReference; lastKnownFileType = sourcecode.swift; path = MovieChatPresenterTests.swift; sourceTree = "<group>"; };
		9BAB84CF2378FE7E00CFA657 /* MovieChatVCTests.swift */ = {isa = PBXFileReference; lastKnownFileType = sourcecode.swift; path = MovieChatVCTests.swift; sourceTree = "<group>"; };
		9BAB84D2237907FA00CFA657 /* UIImage+Color.swift */ = {isa = PBXFileReference; lastKnownFileType = sourcecode.swift; path = "UIImage+Color.swift"; sourceTree = "<group>"; };
		DB840A02CC34F839B7EE9B53 /* Pods-MovieChatTests.debug.xcconfig */ = {isa = PBXFileReference; includeInIndex = 1; lastKnownFileType = text.xcconfig; name = "Pods-MovieChatTests.debug.xcconfig"; path = "Target Support Files/Pods-MovieChatTests/Pods-MovieChatTests.debug.xcconfig"; sourceTree = "<group>"; };
/* End PBXFileReference section */

/* Begin PBXFrameworksBuildPhase section */
		9BAB845623783BAD00CFA657 /* Frameworks */ = {
			isa = PBXFrameworksBuildPhase;
			buildActionMask = 2147483647;
			files = (
				75C77742245B3C80EC95BC2C /* Pods_MovieChat.framework in Frameworks */,
			);
			runOnlyForDeploymentPostprocessing = 0;
		};
		9BAB848723784DFC00CFA657 /* Frameworks */ = {
			isa = PBXFrameworksBuildPhase;
			buildActionMask = 2147483647;
			files = (
				E18151AD64374B87EDAD953F /* Pods_MovieChatTests.framework in Frameworks */,
			);
			runOnlyForDeploymentPostprocessing = 0;
		};
/* End PBXFrameworksBuildPhase section */

/* Begin PBXGroup section */
		353F24935BCF9F7DE7F8EDFE /* Pods */ = {
			isa = PBXGroup;
			children = (
				3CAD7D4C09742153B1AE0559 /* Pods-MovieChat.debug.xcconfig */,
				7675AE8DD495452A6CADA277 /* Pods-MovieChat.release.xcconfig */,
				DB840A02CC34F839B7EE9B53 /* Pods-MovieChatTests.debug.xcconfig */,
				7D0BEA3F2716BB19119A2D4A /* Pods-MovieChatTests.release.xcconfig */,
			);
			path = Pods;
			sourceTree = "<group>";
		};
		5647B28346E05827D20A7E07 /* Frameworks */ = {
			isa = PBXGroup;
			children = (
				9556B704C5D0E15F0752497F /* Pods_MovieChat.framework */,
				6DE4AA8F9F84D9C85119D977 /* Pods_MovieChatTests.framework */,
			);
			name = Frameworks;
			sourceTree = "<group>";
		};
		9BAB845023783BAD00CFA657 = {
			isa = PBXGroup;
			children = (
				9BAB847F23784B5B00CFA657 /* Alamofire.framework */,
				9BAB845B23783BAD00CFA657 /* MovieChat */,
				9BAB848B23784DFC00CFA657 /* MovieChatTests */,
				9BAB845A23783BAD00CFA657 /* Products */,
				353F24935BCF9F7DE7F8EDFE /* Pods */,
				5647B28346E05827D20A7E07 /* Frameworks */,
			);
			sourceTree = "<group>";
		};
		9BAB845A23783BAD00CFA657 /* Products */ = {
			isa = PBXGroup;
			children = (
				9BAB845923783BAD00CFA657 /* MovieChat.app */,
				9BAB848A23784DFC00CFA657 /* MovieChatTests.xctest */,
			);
			name = Products;
			sourceTree = "<group>";
		};
		9BAB845B23783BAD00CFA657 /* MovieChat */ = {
			isa = PBXGroup;
			children = (
				9BAB84D1237907E800CFA657 /* Extensions */,
				9BAB846E23783DC100CFA657 /* Business */,
				9BAB8476237846AE00CFA657 /* Views */,
				9BAB845C23783BAD00CFA657 /* AppDelegate.swift */,
				9BAB846023783BAD00CFA657 /* Main.storyboard */,
				9BAB846323783BAD00CFA657 /* Assets.xcassets */,
				9BAB846523783BAD00CFA657 /* LaunchScreen.storyboard */,
				9BAB846823783BAD00CFA657 /* Info.plist */,
				9BAB84B32378964500CFA657 /* GoogleService-Info.plist */,
			);
			path = MovieChat;
			sourceTree = "<group>";
		};
		9BAB846E23783DC100CFA657 /* Business */ = {
			isa = PBXGroup;
			children = (
				9BAB84722378464100CFA657 /* Managers */,
				9BAB84732378464700CFA657 /* Models */,
			);
			path = Business;
			sourceTree = "<group>";
		};
		9BAB84722378464100CFA657 /* Managers */ = {
			isa = PBXGroup;
			children = (
				9BAB846F237844D100CFA657 /* ServicesManager.swift */,
				9BAB84B5237897B600CFA657 /* DatabaseManager.swift */,
			);
			path = Managers;
			sourceTree = "<group>";
		};
		9BAB84732378464700CFA657 /* Models */ = {
			isa = PBXGroup;
			children = (
				9BAB84742378465D00CFA657 /* Movie.swift */,
				9BAB84B72378986300CFA657 /* Comment.swift */,
				9BAB84C12378B4E600CFA657 /* User.swift */,
			);
			path = Models;
			sourceTree = "<group>";
		};
		9BAB8476237846AE00CFA657 /* Views */ = {
			isa = PBXGroup;
			children = (
				9BAB849D2378643F00CFA657 /* Welcome */,
				9BAB84B923789A2000CFA657 /* MovieChat */,
				9BAB8477237846CB00CFA657 /* MovieList */,
			);
			path = Views;
			sourceTree = "<group>";
		};
		9BAB8477237846CB00CFA657 /* MovieList */ = {
			isa = PBXGroup;
			children = (
				9BAB847C2378491F00CFA657 /* Cells */,
				9BAB84A22378694600CFA657 /* MovieListPresenter.swift */,
				9BAB84A32378694600CFA657 /* MovieListVC.swift */,
			);
			path = MovieList;
			sourceTree = "<group>";
		};
		9BAB847C2378491F00CFA657 /* Cells */ = {
			isa = PBXGroup;
			children = (
				9BAB84A62378695300CFA657 /* MovieCell.swift */,
			);
			path = Cells;
			sourceTree = "<group>";
		};
		9BAB848B23784DFC00CFA657 /* MovieChatTests */ = {
			isa = PBXGroup;
			children = (
				9BAB849423784E0400CFA657 /* Business */,
				9BAB84A823787CC000CFA657 /* Views */,
				9BAB848E23784DFC00CFA657 /* Info.plist */,
			);
			path = MovieChatTests;
			sourceTree = "<group>";
		};
		9BAB849423784E0400CFA657 /* Business */ = {
			isa = PBXGroup;
			children = (
				9BAB849823784EFA00CFA657 /* Managers */,
				9BAB849523784E1700CFA657 /* Model */,
			);
			path = Business;
			sourceTree = "<group>";
		};
		9BAB849523784E1700CFA657 /* Model */ = {
			isa = PBXGroup;
			children = (
				9BAB849623784E7B00CFA657 /* MovieTests.swift */,
				9BAB84CA2378FA3700CFA657 /* CommentTests.swift */,
			);
			path = Model;
			sourceTree = "<group>";
		};
		9BAB849823784EFA00CFA657 /* Managers */ = {
			isa = PBXGroup;
			children = (
				9BAB849923784F2200CFA657 /* ServicesManagerTests.swift */,
				9BAB84C82378ED5C00CFA657 /* DatabaseManagerTests.swift */,
			);
			path = Managers;
			sourceTree = "<group>";
		};
		9BAB849D2378643F00CFA657 /* Welcome */ = {
			isa = PBXGroup;
			children = (
				9BAB849E2378645500CFA657 /* WelcomeVC.swift */,
				9BAB84A02378675100CFA657 /* WelcomePresenter.swift */,
			);
			path = Welcome;
			sourceTree = "<group>";
		};
		9BAB84A823787CC000CFA657 /* Views */ = {
			isa = PBXGroup;
			children = (
				9BAB84AE237882C900CFA657 /* MovieList */,
				9BAB84AB23787DE000CFA657 /* Welcome */,
				9BAB84CC2378FDD900CFA657 /* MovieChat */,
			);
			path = Views;
			sourceTree = "<group>";
		};
		9BAB84AB23787DE000CFA657 /* Welcome */ = {
			isa = PBXGroup;
			children = (
				9BAB84A923787CD900CFA657 /* WelcomePresenterTests.swift */,
				9BAB84AC23787DF000CFA657 /* WelcomeVCTests.swift */,
			);
			path = Welcome;
			sourceTree = "<group>";
		};
		9BAB84AE237882C900CFA657 /* MovieList */ = {
			isa = PBXGroup;
			children = (
				9BAB84AF237882E200CFA657 /* MovieListPresenterTests.swift */,
				9BAB84B12378867E00CFA657 /* MovieListVCTests.swift */,
			);
			path = MovieList;
			sourceTree = "<group>";
		};
		9BAB84B923789A2000CFA657 /* MovieChat */ = {
			isa = PBXGroup;
			children = (
				9BAB84BE23789D0E00CFA657 /* Cells */,
				9BAB84BC23789A4F00CFA657 /* MovieChatPresenter.swift */,
				9BAB84BA23789A3700CFA657 /* MovieChatVC.swift */,
			);
			path = MovieChat;
			sourceTree = "<group>";
		};
		9BAB84BE23789D0E00CFA657 /* Cells */ = {
			isa = PBXGroup;
			children = (
				9BAB84BF23789D1A00CFA657 /* CommentCell.swift */,
			);
			path = Cells;
			sourceTree = "<group>";
		};
		9BAB84CC2378FDD900CFA657 /* MovieChat */ = {
			isa = PBXGroup;
			children = (
				9BAB84CD2378FDF000CFA657 /* MovieChatPresenterTests.swift */,
				9BAB84CF2378FE7E00CFA657 /* MovieChatVCTests.swift */,
			);
			path = MovieChat;
			sourceTree = "<group>";
		};
		9BAB84D1237907E800CFA657 /* Extensions */ = {
			isa = PBXGroup;
			children = (
				9BAB84D2237907FA00CFA657 /* UIImage+Color.swift */,
			);
			path = Extensions;
			sourceTree = "<group>";
		};
/* End PBXGroup section */

/* Begin PBXNativeTarget section */
		9BAB845823783BAD00CFA657 /* MovieChat */ = {
			isa = PBXNativeTarget;
			buildConfigurationList = 9BAB846B23783BAD00CFA657 /* Build configuration list for PBXNativeTarget "MovieChat" */;
			buildPhases = (
				75FFE26A2936AA98FE104AF6 /* [CP] Check Pods Manifest.lock */,
				9BAB845523783BAD00CFA657 /* Sources */,
				9BAB845623783BAD00CFA657 /* Frameworks */,
				9BAB845723783BAD00CFA657 /* Resources */,
				59947BEFDC3732A4F46E7D89 /* [CP] Embed Pods Frameworks */,
			);
			buildRules = (
			);
			dependencies = (
			);
			name = MovieChat;
			productName = MovieChat;
			productReference = 9BAB845923783BAD00CFA657 /* MovieChat.app */;
			productType = "com.apple.product-type.application";
		};
		9BAB848923784DFC00CFA657 /* MovieChatTests */ = {
			isa = PBXNativeTarget;
			buildConfigurationList = 9BAB849323784DFC00CFA657 /* Build configuration list for PBXNativeTarget "MovieChatTests" */;
			buildPhases = (
				FA36BE6684125EA57AF38A86 /* [CP] Check Pods Manifest.lock */,
				9BAB848623784DFC00CFA657 /* Sources */,
				9BAB848723784DFC00CFA657 /* Frameworks */,
				9BAB848823784DFC00CFA657 /* Resources */,
				9BAB849C237856BB00CFA657 /* [CP] Embed Pods Frameworks */,
			);
			buildRules = (
			);
			dependencies = (
				9BAB849023784DFC00CFA657 /* PBXTargetDependency */,
			);
			name = MovieChatTests;
			productName = MovieChatTests;
			productReference = 9BAB848A23784DFC00CFA657 /* MovieChatTests.xctest */;
			productType = "com.apple.product-type.bundle.unit-test";
		};
/* End PBXNativeTarget section */

/* Begin PBXProject section */
		9BAB845123783BAD00CFA657 /* Project object */ = {
			isa = PBXProject;
			attributes = {
				LastSwiftUpdateCheck = 1000;
				LastUpgradeCheck = 1000;
				ORGANIZATIONNAME = FL;
				TargetAttributes = {
					9BAB845823783BAD00CFA657 = {
						CreatedOnToolsVersion = 10.0;
					};
					9BAB848923784DFC00CFA657 = {
						CreatedOnToolsVersion = 10.0;
						TestTargetID = 9BAB845823783BAD00CFA657;
					};
				};
			};
			buildConfigurationList = 9BAB845423783BAD00CFA657 /* Build configuration list for PBXProject "MovieChat" */;
			compatibilityVersion = "Xcode 9.3";
			developmentRegion = en;
			hasScannedForEncodings = 0;
			knownRegions = (
				en,
				Base,
			);
			mainGroup = 9BAB845023783BAD00CFA657;
			productRefGroup = 9BAB845A23783BAD00CFA657 /* Products */;
			projectDirPath = "";
			projectRoot = "";
			targets = (
				9BAB845823783BAD00CFA657 /* MovieChat */,
				9BAB848923784DFC00CFA657 /* MovieChatTests */,
			);
		};
/* End PBXProject section */

/* Begin PBXResourcesBuildPhase section */
		9BAB845723783BAD00CFA657 /* Resources */ = {
			isa = PBXResourcesBuildPhase;
			buildActionMask = 2147483647;
			files = (
				9BAB846723783BAD00CFA657 /* LaunchScreen.storyboard in Resources */,
				9BAB846423783BAD00CFA657 /* Assets.xcassets in Resources */,
				9BAB84B42378964500CFA657 /* GoogleService-Info.plist in Resources */,
				9BAB846223783BAD00CFA657 /* Main.storyboard in Resources */,
			);
			runOnlyForDeploymentPostprocessing = 0;
		};
		9BAB848823784DFC00CFA657 /* Resources */ = {
			isa = PBXResourcesBuildPhase;
			buildActionMask = 2147483647;
			files = (
			);
			runOnlyForDeploymentPostprocessing = 0;
		};
/* End PBXResourcesBuildPhase section */

/* Begin PBXShellScriptBuildPhase section */
		59947BEFDC3732A4F46E7D89 /* [CP] Embed Pods Frameworks */ = {
			isa = PBXShellScriptBuildPhase;
			buildActionMask = 2147483647;
			files = (
			);
			inputFileListPaths = (
				"${PODS_ROOT}/Target Support Files/Pods-MovieChat/Pods-MovieChat-frameworks-${CONFIGURATION}-input-files.xcfilelist",
			);
			name = "[CP] Embed Pods Frameworks";
			outputFileListPaths = (
				"${PODS_ROOT}/Target Support Files/Pods-MovieChat/Pods-MovieChat-frameworks-${CONFIGURATION}-output-files.xcfilelist",
			);
			runOnlyForDeploymentPostprocessing = 0;
			shellPath = /bin/sh;
			shellScript = "\"${PODS_ROOT}/Target Support Files/Pods-MovieChat/Pods-MovieChat-frameworks.sh\"\n";
			showEnvVarsInLog = 0;
		};
		75FFE26A2936AA98FE104AF6 /* [CP] Check Pods Manifest.lock */ = {
			isa = PBXShellScriptBuildPhase;
			buildActionMask = 2147483647;
			files = (
			);
			inputFileListPaths = (
			);
			inputPaths = (
				"${PODS_PODFILE_DIR_PATH}/Podfile.lock",
				"${PODS_ROOT}/Manifest.lock",
			);
			name = "[CP] Check Pods Manifest.lock";
			outputFileListPaths = (
			);
			outputPaths = (
				"$(DERIVED_FILE_DIR)/Pods-MovieChat-checkManifestLockResult.txt",
			);
			runOnlyForDeploymentPostprocessing = 0;
			shellPath = /bin/sh;
			shellScript = "diff \"${PODS_PODFILE_DIR_PATH}/Podfile.lock\" \"${PODS_ROOT}/Manifest.lock\" > /dev/null\nif [ $? != 0 ] ; then\n    # print error to STDERR\n    echo \"error: The sandbox is not in sync with the Podfile.lock. Run 'pod install' or update your CocoaPods installation.\" >&2\n    exit 1\nfi\n# This output is used by Xcode 'outputs' to avoid re-running this script phase.\necho \"SUCCESS\" > \"${SCRIPT_OUTPUT_FILE_0}\"\n";
			showEnvVarsInLog = 0;
		};
		9BAB849C237856BB00CFA657 /* [CP] Embed Pods Frameworks */ = {
			isa = PBXShellScriptBuildPhase;
			buildActionMask = 2147483647;
			files = (
			);
			inputFileListPaths = (
				"${PODS_ROOT}/Target Support Files/Pods-MovieChatTests/Pods-MovieChatTests-frameworks-${CONFIGURATION}-input-files.xcfilelist",
			);
			name = "[CP] Embed Pods Frameworks";
			outputFileListPaths = (
				"${PODS_ROOT}/Target Support Files/Pods-MovieChatTests/Pods-MovieChatTests-frameworks-${CONFIGURATION}-output-files.xcfilelist",
			);
			runOnlyForDeploymentPostprocessing = 0;
			shellPath = /bin/sh;
			shellScript = "\"${PODS_ROOT}/Target Support Files/Pods-MovieChatTests/Pods-MovieChatTests-frameworks.sh\"\n";
		};
		FA36BE6684125EA57AF38A86 /* [CP] Check Pods Manifest.lock */ = {
			isa = PBXShellScriptBuildPhase;
			buildActionMask = 2147483647;
			files = (
			);
			inputFileListPaths = (
			);
			inputPaths = (
				"${PODS_PODFILE_DIR_PATH}/Podfile.lock",
				"${PODS_ROOT}/Manifest.lock",
			);
			name = "[CP] Check Pods Manifest.lock";
			outputFileListPaths = (
			);
			outputPaths = (
				"$(DERIVED_FILE_DIR)/Pods-MovieChatTests-checkManifestLockResult.txt",
			);
			runOnlyForDeploymentPostprocessing = 0;
			shellPath = /bin/sh;
			shellScript = "diff \"${PODS_PODFILE_DIR_PATH}/Podfile.lock\" \"${PODS_ROOT}/Manifest.lock\" > /dev/null\nif [ $? != 0 ] ; then\n    # print error to STDERR\n    echo \"error: The sandbox is not in sync with the Podfile.lock. Run 'pod install' or update your CocoaPods installation.\" >&2\n    exit 1\nfi\n# This output is used by Xcode 'outputs' to avoid re-running this script phase.\necho \"SUCCESS\" > \"${SCRIPT_OUTPUT_FILE_0}\"\n";
			showEnvVarsInLog = 0;
		};
/* End PBXShellScriptBuildPhase section */

/* Begin PBXSourcesBuildPhase section */
		9BAB845523783BAD00CFA657 /* Sources */ = {
			isa = PBXSourcesBuildPhase;
			buildActionMask = 2147483647;
			files = (
				9BAB84C023789D1A00CFA657 /* CommentCell.swift in Sources */,
				9BAB84BB23789A3700CFA657 /* MovieChatVC.swift in Sources */,
				9BAB845D23783BAD00CFA657 /* AppDelegate.swift in Sources */,
				9BAB84A42378694600CFA657 /* MovieListPresenter.swift in Sources */,
				9BAB84A72378695300CFA657 /* MovieCell.swift in Sources */,
				9BAB84A12378675100CFA657 /* WelcomePresenter.swift in Sources */,
				9BAB84C22378B4E600CFA657 /* User.swift in Sources */,
				9BAB84752378465D00CFA657 /* Movie.swift in Sources */,
				9BAB84D3237907FA00CFA657 /* UIImage+Color.swift in Sources */,
				9BAB84B82378986300CFA657 /* Comment.swift in Sources */,
				9BAB849F2378645500CFA657 /* WelcomeVC.swift in Sources */,
				9BAB84A52378694600CFA657 /* MovieListVC.swift in Sources */,
				9BAB8470237844D100CFA657 /* ServicesManager.swift in Sources */,
				9BAB84B6237897B600CFA657 /* DatabaseManager.swift in Sources */,
				9BAB84BD23789A4F00CFA657 /* MovieChatPresenter.swift in Sources */,
			);
			runOnlyForDeploymentPostprocessing = 0;
		};
		9BAB848623784DFC00CFA657 /* Sources */ = {
			isa = PBXSourcesBuildPhase;
			buildActionMask = 2147483647;
			files = (
				9BAB849A23784F2200CFA657 /* ServicesManagerTests.swift in Sources */,
				9BAB84D02378FE7E00CFA657 /* MovieChatVCTests.swift in Sources */,
				9BAB84AD23787DF000CFA657 /* WelcomeVCTests.swift in Sources */,
				9BAB84B0237882E200CFA657 /* MovieListPresenterTests.swift in Sources */,
				9BAB84CB2378FA3700CFA657 /* CommentTests.swift in Sources */,
				9BAB84CE2378FDF000CFA657 /* MovieChatPresenterTests.swift in Sources */,
				9BAB84AA23787CD900CFA657 /* WelcomePresenterTests.swift in Sources */,
				9BAB84C92378ED5C00CFA657 /* DatabaseManagerTests.swift in Sources */,
				9BAB849723784E7B00CFA657 /* MovieTests.swift in Sources */,
				9BAB84B22378867E00CFA657 /* MovieListVCTests.swift in Sources */,
			);
			runOnlyForDeploymentPostprocessing = 0;
		};
/* End PBXSourcesBuildPhase section */

/* Begin PBXTargetDependency section */
		9BAB849023784DFC00CFA657 /* PBXTargetDependency */ = {
			isa = PBXTargetDependency;
			target = 9BAB845823783BAD00CFA657 /* MovieChat */;
			targetProxy = 9BAB848F23784DFC00CFA657 /* PBXContainerItemProxy */;
		};
/* End PBXTargetDependency section */

/* Begin PBXVariantGroup section */
		9BAB846023783BAD00CFA657 /* Main.storyboard */ = {
			isa = PBXVariantGroup;
			children = (
				9BAB846123783BAD00CFA657 /* Base */,
			);
			name = Main.storyboard;
			sourceTree = "<group>";
		};
		9BAB846523783BAD00CFA657 /* LaunchScreen.storyboard */ = {
			isa = PBXVariantGroup;
			children = (
				9BAB846623783BAD00CFA657 /* Base */,
			);
			name = LaunchScreen.storyboard;
			sourceTree = "<group>";
		};
/* End PBXVariantGroup section */

/* Begin XCBuildConfiguration section */
		9BAB846923783BAD00CFA657 /* Debug */ = {
			isa = XCBuildConfiguration;
			buildSettings = {
				ALWAYS_SEARCH_USER_PATHS = NO;
				CLANG_ANALYZER_NONNULL = YES;
				CLANG_ANALYZER_NUMBER_OBJECT_CONVERSION = YES_AGGRESSIVE;
				CLANG_CXX_LANGUAGE_STANDARD = "gnu++14";
				CLANG_CXX_LIBRARY = "libc++";
				CLANG_ENABLE_MODULES = YES;
				CLANG_ENABLE_OBJC_ARC = YES;
				CLANG_ENABLE_OBJC_WEAK = YES;
				CLANG_WARN_BLOCK_CAPTURE_AUTORELEASING = YES;
				CLANG_WARN_BOOL_CONVERSION = YES;
				CLANG_WARN_COMMA = YES;
				CLANG_WARN_CONSTANT_CONVERSION = YES;
				CLANG_WARN_DEPRECATED_OBJC_IMPLEMENTATIONS = YES;
				CLANG_WARN_DIRECT_OBJC_ISA_USAGE = YES_ERROR;
				CLANG_WARN_DOCUMENTATION_COMMENTS = YES;
				CLANG_WARN_EMPTY_BODY = YES;
				CLANG_WARN_ENUM_CONVERSION = YES;
				CLANG_WARN_INFINITE_RECURSION = YES;
				CLANG_WARN_INT_CONVERSION = YES;
				CLANG_WARN_NON_LITERAL_NULL_CONVERSION = YES;
				CLANG_WARN_OBJC_IMPLICIT_RETAIN_SELF = YES;
				CLANG_WARN_OBJC_LITERAL_CONVERSION = YES;
				CLANG_WARN_OBJC_ROOT_CLASS = YES_ERROR;
				CLANG_WARN_RANGE_LOOP_ANALYSIS = YES;
				CLANG_WARN_STRICT_PROTOTYPES = YES;
				CLANG_WARN_SUSPICIOUS_MOVE = YES;
				CLANG_WARN_UNGUARDED_AVAILABILITY = YES_AGGRESSIVE;
				CLANG_WARN_UNREACHABLE_CODE = YES;
				CLANG_WARN__DUPLICATE_METHOD_MATCH = YES;
				CODE_SIGN_IDENTITY = "iPhone Developer";
				COPY_PHASE_STRIP = NO;
				DEBUG_INFORMATION_FORMAT = dwarf;
				ENABLE_STRICT_OBJC_MSGSEND = YES;
				ENABLE_TESTABILITY = YES;
				GCC_C_LANGUAGE_STANDARD = gnu11;
				GCC_DYNAMIC_NO_PIC = NO;
				GCC_NO_COMMON_BLOCKS = YES;
				GCC_OPTIMIZATION_LEVEL = 0;
				GCC_PREPROCESSOR_DEFINITIONS = (
					"DEBUG=1",
					"$(inherited)",
				);
				GCC_WARN_64_TO_32_BIT_CONVERSION = YES;
				GCC_WARN_ABOUT_RETURN_TYPE = YES_ERROR;
				GCC_WARN_UNDECLARED_SELECTOR = YES;
				GCC_WARN_UNINITIALIZED_AUTOS = YES_AGGRESSIVE;
				GCC_WARN_UNUSED_FUNCTION = YES;
				GCC_WARN_UNUSED_VARIABLE = YES;
				IPHONEOS_DEPLOYMENT_TARGET = 12.0;
				MTL_ENABLE_DEBUG_INFO = INCLUDE_SOURCE;
				MTL_FAST_MATH = YES;
				ONLY_ACTIVE_ARCH = YES;
				SDKROOT = iphoneos;
				SWIFT_ACTIVE_COMPILATION_CONDITIONS = DEBUG;
				SWIFT_OPTIMIZATION_LEVEL = "-Onone";
			};
			name = Debug;
		};
		9BAB846A23783BAD00CFA657 /* Release */ = {
			isa = XCBuildConfiguration;
			buildSettings = {
				ALWAYS_SEARCH_USER_PATHS = NO;
				CLANG_ANALYZER_NONNULL = YES;
				CLANG_ANALYZER_NUMBER_OBJECT_CONVERSION = YES_AGGRESSIVE;
				CLANG_CXX_LANGUAGE_STANDARD = "gnu++14";
				CLANG_CXX_LIBRARY = "libc++";
				CLANG_ENABLE_MODULES = YES;
				CLANG_ENABLE_OBJC_ARC = YES;
				CLANG_ENABLE_OBJC_WEAK = YES;
				CLANG_WARN_BLOCK_CAPTURE_AUTORELEASING = YES;
				CLANG_WARN_BOOL_CONVERSION = YES;
				CLANG_WARN_COMMA = YES;
				CLANG_WARN_CONSTANT_CONVERSION = YES;
				CLANG_WARN_DEPRECATED_OBJC_IMPLEMENTATIONS = YES;
				CLANG_WARN_DIRECT_OBJC_ISA_USAGE = YES_ERROR;
				CLANG_WARN_DOCUMENTATION_COMMENTS = YES;
				CLANG_WARN_EMPTY_BODY = YES;
				CLANG_WARN_ENUM_CONVERSION = YES;
				CLANG_WARN_INFINITE_RECURSION = YES;
				CLANG_WARN_INT_CONVERSION = YES;
				CLANG_WARN_NON_LITERAL_NULL_CONVERSION = YES;
				CLANG_WARN_OBJC_IMPLICIT_RETAIN_SELF = YES;
				CLANG_WARN_OBJC_LITERAL_CONVERSION = YES;
				CLANG_WARN_OBJC_ROOT_CLASS = YES_ERROR;
				CLANG_WARN_RANGE_LOOP_ANALYSIS = YES;
				CLANG_WARN_STRICT_PROTOTYPES = YES;
				CLANG_WARN_SUSPICIOUS_MOVE = YES;
				CLANG_WARN_UNGUARDED_AVAILABILITY = YES_AGGRESSIVE;
				CLANG_WARN_UNREACHABLE_CODE = YES;
				CLANG_WARN__DUPLICATE_METHOD_MATCH = YES;
				CODE_SIGN_IDENTITY = "iPhone Developer";
				COPY_PHASE_STRIP = NO;
				DEBUG_INFORMATION_FORMAT = "dwarf-with-dsym";
				ENABLE_NS_ASSERTIONS = NO;
				ENABLE_STRICT_OBJC_MSGSEND = YES;
				GCC_C_LANGUAGE_STANDARD = gnu11;
				GCC_NO_COMMON_BLOCKS = YES;
				GCC_WARN_64_TO_32_BIT_CONVERSION = YES;
				GCC_WARN_ABOUT_RETURN_TYPE = YES_ERROR;
				GCC_WARN_UNDECLARED_SELECTOR = YES;
				GCC_WARN_UNINITIALIZED_AUTOS = YES_AGGRESSIVE;
				GCC_WARN_UNUSED_FUNCTION = YES;
				GCC_WARN_UNUSED_VARIABLE = YES;
				IPHONEOS_DEPLOYMENT_TARGET = 12.0;
				MTL_ENABLE_DEBUG_INFO = NO;
				MTL_FAST_MATH = YES;
				SDKROOT = iphoneos;
				SWIFT_COMPILATION_MODE = wholemodule;
				SWIFT_OPTIMIZATION_LEVEL = "-O";
				VALIDATE_PRODUCT = YES;
			};
			name = Release;
		};
		9BAB846C23783BAD00CFA657 /* Debug */ = {
			isa = XCBuildConfiguration;
			baseConfigurationReference = 3CAD7D4C09742153B1AE0559 /* Pods-MovieChat.debug.xcconfig */;
			buildSettings = {
				ASSETCATALOG_COMPILER_APPICON_NAME = AppIcon;
				CODE_SIGN_STYLE = Automatic;
				DEVELOPMENT_TEAM = 6J86C6MHA9;
				INFOPLIST_FILE = MovieChat/Info.plist;
				LD_RUNPATH_SEARCH_PATHS = (
					"$(inherited)",
					"@executable_path/Frameworks",
				);
				PRODUCT_BUNDLE_IDENTIFIER = FL.MovieChat;
				PRODUCT_NAME = "$(TARGET_NAME)";
				SWIFT_VERSION = 4.2;
				TARGETED_DEVICE_FAMILY = "1,2";
			};
			name = Debug;
		};
		9BAB846D23783BAD00CFA657 /* Release */ = {
			isa = XCBuildConfiguration;
			baseConfigurationReference = 7675AE8DD495452A6CADA277 /* Pods-MovieChat.release.xcconfig */;
			buildSettings = {
				ASSETCATALOG_COMPILER_APPICON_NAME = AppIcon;
				CODE_SIGN_STYLE = Automatic;
				DEVELOPMENT_TEAM = 6J86C6MHA9;
				INFOPLIST_FILE = MovieChat/Info.plist;
				LD_RUNPATH_SEARCH_PATHS = (
					"$(inherited)",
					"@executable_path/Frameworks",
				);
				PRODUCT_BUNDLE_IDENTIFIER = FL.MovieChat;
				PRODUCT_NAME = "$(TARGET_NAME)";
				SWIFT_VERSION = 4.2;
				TARGETED_DEVICE_FAMILY = "1,2";
			};
			name = Release;
		};
		9BAB849123784DFC00CFA657 /* Debug */ = {
			isa = XCBuildConfiguration;
			baseConfigurationReference = DB840A02CC34F839B7EE9B53 /* Pods-MovieChatTests.debug.xcconfig */;
			buildSettings = {
				BUNDLE_LOADER = "$(TEST_HOST)";
				CODE_SIGN_STYLE = Automatic;
				DEVELOPMENT_TEAM = 6J86C6MHA9;
				INFOPLIST_FILE = MovieChatTests/Info.plist;
				LD_RUNPATH_SEARCH_PATHS = (
					"$(inherited)",
					"@executable_path/Frameworks",
					"@loader_path/Frameworks",
				);
				PRODUCT_BUNDLE_IDENTIFIER = FL.MovieChatTests;
				PRODUCT_NAME = "$(TARGET_NAME)";
				SWIFT_VERSION = 4.2;
				TARGETED_DEVICE_FAMILY = "1,2";
				TEST_HOST = "$(BUILT_PRODUCTS_DIR)/MovieChat.app/MovieChat";
			};
			name = Debug;
		};
		9BAB849223784DFC00CFA657 /* Release */ = {
			isa = XCBuildConfiguration;
			baseConfigurationReference = 7D0BEA3F2716BB19119A2D4A /* Pods-MovieChatTests.release.xcconfig */;
			buildSettings = {
				BUNDLE_LOADER = "$(TEST_HOST)";
				CODE_SIGN_STYLE = Automatic;
				DEVELOPMENT_TEAM = 6J86C6MHA9;
				INFOPLIST_FILE = MovieChatTests/Info.plist;
				LD_RUNPATH_SEARCH_PATHS = (
					"$(inherited)",
					"@executable_path/Frameworks",
					"@loader_path/Frameworks",
				);
				PRODUCT_BUNDLE_IDENTIFIER = FL.MovieChatTests;
				PRODUCT_NAME = "$(TARGET_NAME)";
				SWIFT_VERSION = 4.2;
				TARGETED_DEVICE_FAMILY = "1,2";
				TEST_HOST = "$(BUILT_PRODUCTS_DIR)/MovieChat.app/MovieChat";
			};
			name = Release;
		};
/* End XCBuildConfiguration section */

/* Begin XCConfigurationList section */
		9BAB845423783BAD00CFA657 /* Build configuration list for PBXProject "MovieChat" */ = {
			isa = XCConfigurationList;
			buildConfigurations = (
				9BAB846923783BAD00CFA657 /* Debug */,
				9BAB846A23783BAD00CFA657 /* Release */,
			);
			defaultConfigurationIsVisible = 0;
			defaultConfigurationName = Release;
		};
		9BAB846B23783BAD00CFA657 /* Build configuration list for PBXNativeTarget "MovieChat" */ = {
			isa = XCConfigurationList;
			buildConfigurations = (
				9BAB846C23783BAD00CFA657 /* Debug */,
				9BAB846D23783BAD00CFA657 /* Release */,
			);
			defaultConfigurationIsVisible = 0;
			defaultConfigurationName = Release;
		};
		9BAB849323784DFC00CFA657 /* Build configuration list for PBXNativeTarget "MovieChatTests" */ = {
			isa = XCConfigurationList;
			buildConfigurations = (
				9BAB849123784DFC00CFA657 /* Debug */,
				9BAB849223784DFC00CFA657 /* Release */,
			);
			defaultConfigurationIsVisible = 0;
			defaultConfigurationName = Release;
		};
/* End XCConfigurationList section */
	};
	rootObject = 9BAB845123783BAD00CFA657 /* Project object */;
}
